
Microsoft Visual Studio Solution File, Format Version 12.00
# Visual Studio Version 17
VisualStudioVersion = 17.5.33516.290
MinimumVisualStudioVersion = 10.0.40219.1
Project("{2150E333-8FDC-42A3-9474-1A3956D46DE8}") = "FrontEnd", "FrontEnd", "{51DCE969-C86F-41B5-8A63-18F0DD15AE4E}"
EndProject
Project("{2150E333-8FDC-42A3-9474-1A3956D46DE8}") = "Integration", "Integration", "{7E4EEE17-585D-4775-99C1-27D4E9A5E54C}"
EndProject
Project("{2150E333-8FDC-42A3-9474-1A3956D46DE8}") = "Services", "Services", "{D856F852-7890-4AB6-BBFC-C8A4741B5322}"
EndProject
Project("{2150E333-8FDC-42A3-9474-1A3956D46DE8}") = "Gateway", "Gateway", "{94D978A6-1B2B-4945-9D58-4F1BF91D2777}"
EndProject
Project("{2150E333-8FDC-42A3-9474-1A3956D46DE8}") = "Analysis", "Analysis", "{FC3515DE-CD40-47C6-8D75-8E6362E3A36D}"
EndProject
Project("{2150E333-8FDC-42A3-9474-1A3956D46DE8}") = "ETL", "ETL", "{1E26BA86-6BAD-48BC-94A9-815C3F0F4E2E}"
EndProject
Project("{9A19103F-16F7-4668-BE54-9A1E7A4F7556}") = "eShopAnalysis.ProductCatalogAPI", "eShopAnalysis.ProductCatalogAPI\eShopAnalysis.ProductCatalogAPI.csproj", "{CAC6E7BC-C258-4D0B-A0AF-56DFD11755EA}"
EndProject
Project("{9A19103F-16F7-4668-BE54-9A1E7A4F7556}") = "eShopAnalysis.ApiGateway", "eShopAnalysis.ApiGateway\eShopAnalysis.ApiGateway.csproj", "{03ABD9FD-2953-413A-A5F2-BF7CBE5ED2DD}"
EndProject
Project("{9A19103F-16F7-4668-BE54-9A1E7A4F7556}") = "eShopAnalysis.IdentityServer", "eShopAnalysis.IdentityServer\eShopAnalysis.IdentityServer.csproj", "{BA958AD2-18FE-4545-8F14-D57B4230C507}"
EndProject
Project("{9A19103F-16F7-4668-BE54-9A1E7A4F7556}") = "eShopAnalysis.StockInventoryAPI", "eShopAnalysis.StockInventory\eShopAnalysis.StockInventoryAPI.csproj", "{757B0BA2-000E-4473-AE12-C642D0496D32}"
EndProject
Project("{9A19103F-16F7-4668-BE54-9A1E7A4F7556}") = "eShopAnalysis.CouponSaleItemAPI", "eShopAnalysis.CouponSaleItemAPI\eShopAnalysis.CouponSaleItemAPI.csproj", "{FED3D80F-FBFC-4B40-A9C3-2AFDCCD25688}"
EndProject
Project("{9A19103F-16F7-4668-BE54-9A1E7A4F7556}") = "eShopAnalysis.CartOrderAPI", "eShopAnalysis.CartOrderAPI\eShopAnalysis.CartOrderAPI.csproj", "{3DC0BF09-8B75-46C8-8E48-E7613AD0F5F7}"
EndProject
Project("{FAE04EC0-301F-11D3-BF4B-00C04F79EFBC}") = "eShopAnalysis.EventBus", "eShopAnalysis.EventBus\eShopAnalysis.EventBus.csproj", "{5D8672D0-6444-4F74-94EF-2BD019D30B9D}"
EndProject
Global
	GlobalSection(SolutionConfigurationPlatforms) = preSolution
		Debug|Any CPU = Debug|Any CPU
		Release|Any CPU = Release|Any CPU
	EndGlobalSection
	GlobalSection(ProjectConfigurationPlatforms) = postSolution
		{CAC6E7BC-C258-4D0B-A0AF-56DFD11755EA}.Debug|Any CPU.ActiveCfg = Debug|Any CPU
		{CAC6E7BC-C258-4D0B-A0AF-56DFD11755EA}.Debug|Any CPU.Build.0 = Debug|Any CPU
		{CAC6E7BC-C258-4D0B-A0AF-56DFD11755EA}.Release|Any CPU.ActiveCfg = Release|Any CPU
		{CAC6E7BC-C258-4D0B-A0AF-56DFD11755EA}.Release|Any CPU.Build.0 = Release|Any CPU
		{03ABD9FD-2953-413A-A5F2-BF7CBE5ED2DD}.Debug|Any CPU.ActiveCfg = Debug|Any CPU
		{03ABD9FD-2953-413A-A5F2-BF7CBE5ED2DD}.Debug|Any CPU.Build.0 = Debug|Any CPU
		{03ABD9FD-2953-413A-A5F2-BF7CBE5ED2DD}.Release|Any CPU.ActiveCfg = Release|Any CPU
		{03ABD9FD-2953-413A-A5F2-BF7CBE5ED2DD}.Release|Any CPU.Build.0 = Release|Any CPU
		{BA958AD2-18FE-4545-8F14-D57B4230C507}.Debug|Any CPU.ActiveCfg = Debug|Any CPU
		{BA958AD2-18FE-4545-8F14-D57B4230C507}.Debug|Any CPU.Build.0 = Debug|Any CPU
		{BA958AD2-18FE-4545-8F14-D57B4230C507}.Release|Any CPU.ActiveCfg = Release|Any CPU
		{BA958AD2-18FE-4545-8F14-D57B4230C507}.Release|Any CPU.Build.0 = Release|Any CPU
		{757B0BA2-000E-4473-AE12-C642D0496D32}.Debug|Any CPU.ActiveCfg = Debug|Any CPU
		{757B0BA2-000E-4473-AE12-C642D0496D32}.Debug|Any CPU.Build.0 = Debug|Any CPU
		{757B0BA2-000E-4473-AE12-C642D0496D32}.Release|Any CPU.ActiveCfg = Release|Any CPU
		{757B0BA2-000E-4473-AE12-C642D0496D32}.Release|Any CPU.Build.0 = Release|Any CPU
		{FED3D80F-FBFC-4B40-A9C3-2AFDCCD25688}.Debug|Any CPU.ActiveCfg = Debug|Any CPU
		{FED3D80F-FBFC-4B40-A9C3-2AFDCCD25688}.Debug|Any CPU.Build.0 = Debug|Any CPU
		{FED3D80F-FBFC-4B40-A9C3-2AFDCCD25688}.Release|Any CPU.ActiveCfg = Release|Any CPU
		{FED3D80F-FBFC-4B40-A9C3-2AFDCCD25688}.Release|Any CPU.Build.0 = Release|Any CPU
		{3DC0BF09-8B75-46C8-8E48-E7613AD0F5F7}.Debug|Any CPU.ActiveCfg = Debug|Any CPU
		{3DC0BF09-8B75-46C8-8E48-E7613AD0F5F7}.Debug|Any CPU.Build.0 = Debug|Any CPU
		{3DC0BF09-8B75-46C8-8E48-E7613AD0F5F7}.Release|Any CPU.ActiveCfg = Release|Any CPU
		{3DC0BF09-8B75-46C8-8E48-E7613AD0F5F7}.Release|Any CPU.Build.0 = Release|Any CPU
		{5D8672D0-6444-4F74-94EF-2BD019D30B9D}.Debug|Any CPU.ActiveCfg = Debug|Any CPU
		{5D8672D0-6444-4F74-94EF-2BD019D30B9D}.Debug|Any CPU.Build.0 = Debug|Any CPU
		{5D8672D0-6444-4F74-94EF-2BD019D30B9D}.Release|Any CPU.ActiveCfg = Release|Any CPU
		{5D8672D0-6444-4F74-94EF-2BD019D30B9D}.Release|Any CPU.Build.0 = Release|Any CPU
	EndGlobalSection
	GlobalSection(SolutionProperties) = preSolution
		HideSolutionNode = FALSE
	EndGlobalSection
	GlobalSection(NestedProjects) = preSolution
		{CAC6E7BC-C258-4D0B-A0AF-56DFD11755EA} = {D856F852-7890-4AB6-BBFC-C8A4741B5322}
		{03ABD9FD-2953-413A-A5F2-BF7CBE5ED2DD} = {94D978A6-1B2B-4945-9D58-4F1BF91D2777}
		{BA958AD2-18FE-4545-8F14-D57B4230C507} = {D856F852-7890-4AB6-BBFC-C8A4741B5322}
		{757B0BA2-000E-4473-AE12-C642D0496D32} = {D856F852-7890-4AB6-BBFC-C8A4741B5322}
		{FED3D80F-FBFC-4B40-A9C3-2AFDCCD25688} = {D856F852-7890-4AB6-BBFC-C8A4741B5322}
		{3DC0BF09-8B75-46C8-8E48-E7613AD0F5F7} = {D856F852-7890-4AB6-BBFC-C8A4741B5322}
		{5D8672D0-6444-4F74-94EF-2BD019D30B9D} = {7E4EEE17-585D-4775-99C1-27D4E9A5E54C}
	EndGlobalSection
	GlobalSection(ExtensibilityGlobals) = postSolution
		SolutionGuid = {97877212-E56B-4135-869F-4AAE779A44CB}
	EndGlobalSection
EndGlobal
